
Microsoft Visual Studio Solution File, Format Version 12.00
# Visual Studio 15
VisualStudioVersion = 15.0.27703.2035
MinimumVisualStudioVersion = 10.0.40219.1
Project("{FAE04EC0-301F-11D3-BF4B-00C04F79EFBC}") = "ExamplesLib", "ExamplesLib\ExamplesLib.csproj", "{3B563505-E75E-4527-9387-BE2BF1D04B8D}"
EndProject
Project("{FAE04EC0-301F-11D3-BF4B-00C04F79EFBC}") = "JsonViewerConsoleApp", "JsonViewerConsoleApp\JsonViewerConsoleApp.csproj", "{8327E9AF-22CD-49E8-9479-CB1807038EFF}"
EndProject
Project("{FAE04EC0-301F-11D3-BF4B-00C04F79EFBC}") = "RabbitMqReceiverConsoleApp", "RabbitMqReceiverConsoleApp\RabbitMqReceiverConsoleApp.csproj", "{BEE5FA3D-86CC-4D70-A000-33F40DBFBE72}"
EndProject
Project("{FAE04EC0-301F-11D3-BF4B-00C04F79EFBC}") = "mvvm-wpf-example", "mvvm-wpf-example\mvvm-wpf-example.csproj", "{FF79E0C9-8B66-4751-AD72-E98C74851D82}"
EndProject
Project("{FAE04EC0-301F-11D3-BF4B-00C04F79EFBC}") = "mvvm-wpf-prism", "mvvm-wpf-prism\mvvm-wpf-prism.csproj", "{AEF86028-5B79-4F1B-AF69-762F9C51C792}"
EndProject
Project("{FAE04EC0-301F-11D3-BF4B-00C04F79EFBC}") = "xmlTester.ConsoleApp", "xmlTester.ConsoleApp\xmlTester.ConsoleApp.csproj", "{BC4F35A2-B954-4963-9A20-AB3058DA40F2}"
EndProject
Project("{FAE04EC0-301F-11D3-BF4B-00C04F79EFBC}") = "CommonData.ClassLib", "CommonData.ClassLib\CommonData.ClassLib.csproj", "{21CAAED6-4E50-4139-9FB8-1FC6B9C7BD14}"
EndProject
Project("{FAE04EC0-301F-11D3-BF4B-00C04F79EFBC}") = "Server", "Server\Server.csproj", "{6B7C9C7A-1465-4F7E-9343-41210744637B}"
EndProject
Project("{FAE04EC0-301F-11D3-BF4B-00C04F79EFBC}") = "Client", "Client\Client.csproj", "{6D6BF528-7B23-440E-BFA6-8A46E84470E1}"
EndProject
Project("{FAE04EC0-301F-11D3-BF4B-00C04F79EFBC}") = "BotDetect.Captcha.WebApp", "BotDetect.Captcha.WebApp\BotDetect.Captcha.WebApp.csproj", "{2843C48E-7059-4B1B-89AE-787D72AA2743}"
EndProject
Project("{FAE04EC0-301F-11D3-BF4B-00C04F79EFBC}") = "BotDetect.WebForms", "BotDetect.WebForms\BotDetect.WebForms.csproj", "{2AD1B45F-EE26-4416-9325-0B5D51AA9F19}"
EndProject
Project("{FAE04EC0-301F-11D3-BF4B-00C04F79EFBC}") = "BotDetected.WebForms.OnlyDLL", "BotDetected.WebForms.OnlyDLL\BotDetected.WebForms.OnlyDLL.csproj", "{1220197F-91C3-4DF7-8CA1-800300918A8A}"
EndProject
Project("{FAE04EC0-301F-11D3-BF4B-00C04F79EFBC}") = "Dropzone.Test.WebApp", "Dropzone.Test.WebApp\Dropzone.Test.WebApp.csproj", "{9ECB0298-E896-4975-8E70-390C92F7C108}"
EndProject
Project("{FAE04EC0-301F-11D3-BF4B-00C04F79EFBC}") = "JsonFormatter.ConsoleApp", "JsonFormatter.ConsoleApp\JsonFormatter.ConsoleApp.csproj", "{B6595195-861E-4B77-BACB-D1F1BC65A649}"
EndProject
Project("{2150E333-8FDC-42A3-9474-1A3956D46DE8}") = "Data", "Data", "{15A278A8-A9D9-4A74-B9BA-B7C87B558001}"
EndProject
Project("{FAE04EC0-301F-11D3-BF4B-00C04F79EFBC}") = "JsonFormatter.WebApp.MVC", "JsonFormatter.WebApp.MVC\JsonFormatter.WebApp.MVC.csproj", "{3E41964E-5A56-44E0-9153-9F4E4B21264A}"
EndProject
Project("{2150E333-8FDC-42A3-9474-1A3956D46DE8}") = "Servers", "Servers", "{BE51E0AB-66FA-4074-A000-73FEA2659926}"
EndProject
Project("{2150E333-8FDC-42A3-9474-1A3956D46DE8}") = "Clients", "Clients", "{786BF618-F136-42F1-BE33-D9C42CA2645F}"
EndProject
Project("{2150E333-8FDC-42A3-9474-1A3956D46DE8}") = "BotDetected", "BotDetected", "{D071B2A9-B4AD-4698-BDCE-B017B008039E}"
EndProject
Project("{2150E333-8FDC-42A3-9474-1A3956D46DE8}") = "JsonFormatter", "JsonFormatter", "{DA62E7B3-F7C3-4362-8BC5-D01832C7470C}"
EndProject
Project("{2150E333-8FDC-42A3-9474-1A3956D46DE8}") = "mvvm", "mvvm", "{8DD3CEED-4802-42B4-BB21-DD9491BE29E7}"
EndProject
Project("{2150E333-8FDC-42A3-9474-1A3956D46DE8}") = "NeuronNetworks", "NeuronNetworks", "{E5DD79EE-52E2-44FB-B750-45F9E2C51330}"
EndProject
Project("{FAE04EC0-301F-11D3-BF4B-00C04F79EFBC}") = "SimpleKohonen", "SimpleKohonen\SimpleKohonen.csproj", "{661B08C2-7D70-4E4D-9DCA-0EBD1087A5A9}"
EndProject
Global
	GlobalSection(SolutionConfigurationPlatforms) = preSolution
		Debug|Any CPU = Debug|Any CPU
		Release|Any CPU = Release|Any CPU
	EndGlobalSection
	GlobalSection(ProjectConfigurationPlatforms) = postSolution
		{3B563505-E75E-4527-9387-BE2BF1D04B8D}.Debug|Any CPU.ActiveCfg = Debug|Any CPU
		{3B563505-E75E-4527-9387-BE2BF1D04B8D}.Debug|Any CPU.Build.0 = Debug|Any CPU
		{3B563505-E75E-4527-9387-BE2BF1D04B8D}.Release|Any CPU.ActiveCfg = Release|Any CPU
		{3B563505-E75E-4527-9387-BE2BF1D04B8D}.Release|Any CPU.Build.0 = Release|Any CPU
		{8327E9AF-22CD-49E8-9479-CB1807038EFF}.Debug|Any CPU.ActiveCfg = Debug|Any CPU
		{8327E9AF-22CD-49E8-9479-CB1807038EFF}.Debug|Any CPU.Build.0 = Debug|Any CPU
		{8327E9AF-22CD-49E8-9479-CB1807038EFF}.Release|Any CPU.ActiveCfg = Release|Any CPU
		{8327E9AF-22CD-49E8-9479-CB1807038EFF}.Release|Any CPU.Build.0 = Release|Any CPU
		{BEE5FA3D-86CC-4D70-A000-33F40DBFBE72}.Debug|Any CPU.ActiveCfg = Debug|Any CPU
		{BEE5FA3D-86CC-4D70-A000-33F40DBFBE72}.Debug|Any CPU.Build.0 = Debug|Any CPU
		{BEE5FA3D-86CC-4D70-A000-33F40DBFBE72}.Release|Any CPU.ActiveCfg = Release|Any CPU
		{BEE5FA3D-86CC-4D70-A000-33F40DBFBE72}.Release|Any CPU.Build.0 = Release|Any CPU
		{FF79E0C9-8B66-4751-AD72-E98C74851D82}.Debug|Any CPU.ActiveCfg = Debug|Any CPU
		{FF79E0C9-8B66-4751-AD72-E98C74851D82}.Debug|Any CPU.Build.0 = Debug|Any CPU
		{FF79E0C9-8B66-4751-AD72-E98C74851D82}.Release|Any CPU.ActiveCfg = Release|Any CPU
		{FF79E0C9-8B66-4751-AD72-E98C74851D82}.Release|Any CPU.Build.0 = Release|Any CPU
		{AEF86028-5B79-4F1B-AF69-762F9C51C792}.Debug|Any CPU.ActiveCfg = Debug|Any CPU
		{AEF86028-5B79-4F1B-AF69-762F9C51C792}.Debug|Any CPU.Build.0 = Debug|Any CPU
		{AEF86028-5B79-4F1B-AF69-762F9C51C792}.Release|Any CPU.ActiveCfg = Release|Any CPU
		{AEF86028-5B79-4F1B-AF69-762F9C51C792}.Release|Any CPU.Build.0 = Release|Any CPU
		{BC4F35A2-B954-4963-9A20-AB3058DA40F2}.Debug|Any CPU.ActiveCfg = Debug|Any CPU
		{BC4F35A2-B954-4963-9A20-AB3058DA40F2}.Debug|Any CPU.Build.0 = Debug|Any CPU
		{BC4F35A2-B954-4963-9A20-AB3058DA40F2}.Release|Any CPU.ActiveCfg = Release|Any CPU
		{BC4F35A2-B954-4963-9A20-AB3058DA40F2}.Release|Any CPU.Build.0 = Release|Any CPU
		{21CAAED6-4E50-4139-9FB8-1FC6B9C7BD14}.Debug|Any CPU.ActiveCfg = Debug|Any CPU
		{21CAAED6-4E50-4139-9FB8-1FC6B9C7BD14}.Debug|Any CPU.Build.0 = Debug|Any CPU
		{21CAAED6-4E50-4139-9FB8-1FC6B9C7BD14}.Release|Any CPU.ActiveCfg = Release|Any CPU
		{21CAAED6-4E50-4139-9FB8-1FC6B9C7BD14}.Release|Any CPU.Build.0 = Release|Any CPU
		{6B7C9C7A-1465-4F7E-9343-41210744637B}.Debug|Any CPU.ActiveCfg = Debug|Any CPU
		{6B7C9C7A-1465-4F7E-9343-41210744637B}.Debug|Any CPU.Build.0 = Debug|Any CPU
		{6B7C9C7A-1465-4F7E-9343-41210744637B}.Release|Any CPU.ActiveCfg = Release|Any CPU
		{6B7C9C7A-1465-4F7E-9343-41210744637B}.Release|Any CPU.Build.0 = Release|Any CPU
		{6D6BF528-7B23-440E-BFA6-8A46E84470E1}.Debug|Any CPU.ActiveCfg = Debug|Any CPU
		{6D6BF528-7B23-440E-BFA6-8A46E84470E1}.Debug|Any CPU.Build.0 = Debug|Any CPU
		{6D6BF528-7B23-440E-BFA6-8A46E84470E1}.Release|Any CPU.ActiveCfg = Release|Any CPU
		{6D6BF528-7B23-440E-BFA6-8A46E84470E1}.Release|Any CPU.Build.0 = Release|Any CPU
		{2843C48E-7059-4B1B-89AE-787D72AA2743}.Debug|Any CPU.ActiveCfg = Debug|Any CPU
		{2843C48E-7059-4B1B-89AE-787D72AA2743}.Debug|Any CPU.Build.0 = Debug|Any CPU
		{2843C48E-7059-4B1B-89AE-787D72AA2743}.Release|Any CPU.ActiveCfg = Release|Any CPU
		{2843C48E-7059-4B1B-89AE-787D72AA2743}.Release|Any CPU.Build.0 = Release|Any CPU
		{2AD1B45F-EE26-4416-9325-0B5D51AA9F19}.Debug|Any CPU.ActiveCfg = Debug|Any CPU
		{2AD1B45F-EE26-4416-9325-0B5D51AA9F19}.Debug|Any CPU.Build.0 = Debug|Any CPU
		{2AD1B45F-EE26-4416-9325-0B5D51AA9F19}.Release|Any CPU.ActiveCfg = Release|Any CPU
		{2AD1B45F-EE26-4416-9325-0B5D51AA9F19}.Release|Any CPU.Build.0 = Release|Any CPU
		{1220197F-91C3-4DF7-8CA1-800300918A8A}.Debug|Any CPU.ActiveCfg = Debug|Any CPU
		{1220197F-91C3-4DF7-8CA1-800300918A8A}.Debug|Any CPU.Build.0 = Debug|Any CPU
		{1220197F-91C3-4DF7-8CA1-800300918A8A}.Release|Any CPU.ActiveCfg = Release|Any CPU
		{1220197F-91C3-4DF7-8CA1-800300918A8A}.Release|Any CPU.Build.0 = Release|Any CPU
		{9ECB0298-E896-4975-8E70-390C92F7C108}.Debug|Any CPU.ActiveCfg = Debug|Any CPU
		{9ECB0298-E896-4975-8E70-390C92F7C108}.Debug|Any CPU.Build.0 = Debug|Any CPU
		{9ECB0298-E896-4975-8E70-390C92F7C108}.Release|Any CPU.ActiveCfg = Release|Any CPU
		{9ECB0298-E896-4975-8E70-390C92F7C108}.Release|Any CPU.Build.0 = Release|Any CPU
		{B6595195-861E-4B77-BACB-D1F1BC65A649}.Debug|Any CPU.ActiveCfg = Debug|Any CPU
		{B6595195-861E-4B77-BACB-D1F1BC65A649}.Debug|Any CPU.Build.0 = Debug|Any CPU
		{B6595195-861E-4B77-BACB-D1F1BC65A649}.Release|Any CPU.ActiveCfg = Release|Any CPU
		{B6595195-861E-4B77-BACB-D1F1BC65A649}.Release|Any CPU.Build.0 = Release|Any CPU
		{3E41964E-5A56-44E0-9153-9F4E4B21264A}.Debug|Any CPU.ActiveCfg = Debug|Any CPU
		{3E41964E-5A56-44E0-9153-9F4E4B21264A}.Debug|Any CPU.Build.0 = Debug|Any CPU
		{3E41964E-5A56-44E0-9153-9F4E4B21264A}.Release|Any CPU.ActiveCfg = Release|Any CPU
		{3E41964E-5A56-44E0-9153-9F4E4B21264A}.Release|Any CPU.Build.0 = Release|Any CPU
		{661B08C2-7D70-4E4D-9DCA-0EBD1087A5A9}.Debug|Any CPU.ActiveCfg = Debug|Any CPU
		{661B08C2-7D70-4E4D-9DCA-0EBD1087A5A9}.Debug|Any CPU.Build.0 = Debug|Any CPU
		{661B08C2-7D70-4E4D-9DCA-0EBD1087A5A9}.Release|Any CPU.ActiveCfg = Release|Any CPU
		{661B08C2-7D70-4E4D-9DCA-0EBD1087A5A9}.Release|Any CPU.Build.0 = Release|Any CPU
	EndGlobalSection
	GlobalSection(SolutionProperties) = preSolution
		HideSolutionNode = FALSE
	EndGlobalSection
	GlobalSection(NestedProjects) = preSolution
		{8327E9AF-22CD-49E8-9479-CB1807038EFF} = {DA62E7B3-F7C3-4362-8BC5-D01832C7470C}
		{FF79E0C9-8B66-4751-AD72-E98C74851D82} = {8DD3CEED-4802-42B4-BB21-DD9491BE29E7}
		{AEF86028-5B79-4F1B-AF69-762F9C51C792} = {8DD3CEED-4802-42B4-BB21-DD9491BE29E7}
		{21CAAED6-4E50-4139-9FB8-1FC6B9C7BD14} = {15A278A8-A9D9-4A74-B9BA-B7C87B558001}
		{6B7C9C7A-1465-4F7E-9343-41210744637B} = {BE51E0AB-66FA-4074-A000-73FEA2659926}
		{6D6BF528-7B23-440E-BFA6-8A46E84470E1} = {786BF618-F136-42F1-BE33-D9C42CA2645F}
		{2843C48E-7059-4B1B-89AE-787D72AA2743} = {D071B2A9-B4AD-4698-BDCE-B017B008039E}
		{2AD1B45F-EE26-4416-9325-0B5D51AA9F19} = {D071B2A9-B4AD-4698-BDCE-B017B008039E}
		{1220197F-91C3-4DF7-8CA1-800300918A8A} = {D071B2A9-B4AD-4698-BDCE-B017B008039E}
		{B6595195-861E-4B77-BACB-D1F1BC65A649} = {DA62E7B3-F7C3-4362-8BC5-D01832C7470C}
		{3E41964E-5A56-44E0-9153-9F4E4B21264A} = {DA62E7B3-F7C3-4362-8BC5-D01832C7470C}
		{661B08C2-7D70-4E4D-9DCA-0EBD1087A5A9} = {E5DD79EE-52E2-44FB-B750-45F9E2C51330}
	EndGlobalSection
	GlobalSection(ExtensibilityGlobals) = postSolution
		SolutionGuid = {4FE970F4-56AB-4472-96C1-C7A00B179036}
	EndGlobalSection
EndGlobal
